
Microsoft Visual Studio Solution File, Format Version 12.00
# Visual Studio Version 17
VisualStudioVersion = 17.0.32112.339
MinimumVisualStudioVersion = 10.0.40219.1
Project("{FAE04EC0-301F-11D3-BF4B-00C04F79EFBC}") = "Examination system", "Examination system\Examination system.csproj", "{A77E654A-3EAB-4253-86B8-AB25B617A1E1}"
EndProject
Global
	GlobalSection(SolutionConfigurationPlatforms) = preSolution
		Debug|Any CPU = Debug|Any CPU
		Release|Any CPU = Release|Any CPU
	EndGlobalSection
	GlobalSection(ProjectConfigurationPlatforms) = postSolution
		{A77E654A-3EAB-4253-86B8-AB25B617A1E1}.Debug|Any CPU.ActiveCfg = Debug|Any CPU
		{A77E654A-3EAB-4253-86B8-AB25B617A1E1}.Debug|Any CPU.Build.0 = Debug|Any CPU
		{A77E654A-3EAB-4253-86B8-AB25B617A1E1}.Release|Any CPU.ActiveCfg = Release|Any CPU
		{A77E654A-3EAB-4253-86B8-AB25B617A1E1}.Release|Any CPU.Build.0 = Release|Any CPU
	EndGlobalSection
	GlobalSection(SolutionProperties) = preSolution
		HideSolutionNode = FALSE
	EndGlobalSection
	GlobalSection(ExtensibilityGlobals) = postSolution
		SolutionGuid = {0D441CEC-7DE5-4275-8397-8166B08BBB6F}
	EndGlobalSection
EndGlobal
